// !$*UTF8*$!
{
	archiveVersion = 1;
	classes = {
	};
	objectVersion = 46;
	objects = {

/* Begin PBXGroup section */
		BB62948D1E7A54C50027B2A0 = {
			isa = PBXGroup;
			children = (
			);
			sourceTree = "<group>";
		};
/* End PBXGroup section */

/* Begin PBXProject section */
		BB62948E1E7A54C50027B2A0 /* Project object */ = {
			isa = PBXProject;
			attributes = {
				LastUpgradeCheck = 0820;
			};
			buildConfigurationList = BB6294911E7A54C50027B2A0 /* Build configuration list for PBXProject "EasyPreference" */;
			compatibilityVersion = "Xcode 3.2";
			developmentRegion = English;
			hasScannedForEncodings = 0;
			knownRegions = (
				en,
			);
			mainGroup = BB62948D1E7A54C50027B2A0;
			projectDirPath = "";
			projectRoot = "";
			targets = (
			);
		};
/* End PBXProject section */

/* Begin XCBuildConfiguration section */
		BB6294921E7A54C50027B2A0 /* Debug */ = {
			isa = XCBuildConfiguration;
			buildSettings = {
			};
			name = Debug;
		};
		BB6294931E7A54C50027B2A0 /* Release */ = {
			isa = XCBuildConfiguration;
			buildSettings = {
			};
			name = Release;
		};
/* End XCBuildConfiguration section */

/* Begin XCConfigurationList section */
		BB6294911E7A54C50027B2A0 /* Build configuration list for PBXProject "EasyPreference" */ = {
			isa = XCConfigurationList;
			buildConfigurations = (
				BB6294921E7A54C50027B2A0 /* Debug */,
				BB6294931E7A54C50027B2A0 /* Release */,
			);
			defaultConfigurationIsVisible = 0;
			defaultConfigurationName = Release;
		};
/* End XCConfigurationList section */
	};
	rootObject = BB62948E1E7A54C50027B2A0 /* Project object */;
}
